
Microsoft Visual Studio Solution File, Format Version 12.00
# Visual Studio Version 16
VisualStudioVersion = 16.0.30320.27
MinimumVisualStudioVersion = 10.0.40219.1
Project("{9A19103F-16F7-4668-BE54-9A1E7A4F7556}") = "Publicon.Api", "Publicon.Api\Publicon.Api.csproj", "{50B10776-066A-4909-B415-E169704BDAB1}"
	ProjectSection(ProjectDependencies) = postProject
		{4E828513-CFD7-4C96-A6FA-4B313DE5EB46} = {4E828513-CFD7-4C96-A6FA-4B313DE5EB46}
	EndProjectSection
EndProject
Project("{9A19103F-16F7-4668-BE54-9A1E7A4F7556}") = "Publicon.Infrastructure", "Publicon.Infrastructure\Publicon.Infrastructure.csproj", "{4E828513-CFD7-4C96-A6FA-4B313DE5EB46}"
	ProjectSection(ProjectDependencies) = postProject
		{754E9D9B-13AA-4745-A8B8-58C13708F074} = {754E9D9B-13AA-4745-A8B8-58C13708F074}
	EndProjectSection
EndProject
Project("{9A19103F-16F7-4668-BE54-9A1E7A4F7556}") = "Publicon.Core", "Publicon.Core\Publicon.Core.csproj", "{754E9D9B-13AA-4745-A8B8-58C13708F074}"
EndProject
Project("{2150E333-8FDC-42A3-9474-1A3956D46DE8}") = "Solution Items", "Solution Items", "{DFD95C69-DFBA-4D3A-A620-10124E5B753A}"
	ProjectSection(SolutionItems) = preProject
		.dockerignore = .dockerignore
		Dockerfile = Dockerfile
	EndProjectSection
EndProject
Global
	GlobalSection(SolutionConfigurationPlatforms) = preSolution
		Debug|Any CPU = Debug|Any CPU
		Release|Any CPU = Release|Any CPU
	EndGlobalSection
	GlobalSection(ProjectConfigurationPlatforms) = postSolution
		{50B10776-066A-4909-B415-E169704BDAB1}.Debug|Any CPU.ActiveCfg = Debug|Any CPU
		{50B10776-066A-4909-B415-E169704BDAB1}.Debug|Any CPU.Build.0 = Debug|Any CPU
		{50B10776-066A-4909-B415-E169704BDAB1}.Release|Any CPU.ActiveCfg = Release|Any CPU
		{50B10776-066A-4909-B415-E169704BDAB1}.Release|Any CPU.Build.0 = Release|Any CPU
		{4E828513-CFD7-4C96-A6FA-4B313DE5EB46}.Debug|Any CPU.ActiveCfg = Debug|Any CPU
		{4E828513-CFD7-4C96-A6FA-4B313DE5EB46}.Debug|Any CPU.Build.0 = Debug|Any CPU
		{4E828513-CFD7-4C96-A6FA-4B313DE5EB46}.Release|Any CPU.ActiveCfg = Release|Any CPU
		{4E828513-CFD7-4C96-A6FA-4B313DE5EB46}.Release|Any CPU.Build.0 = Release|Any CPU
		{754E9D9B-13AA-4745-A8B8-58C13708F074}.Debug|Any CPU.ActiveCfg = Debug|Any CPU
		{754E9D9B-13AA-4745-A8B8-58C13708F074}.Debug|Any CPU.Build.0 = Debug|Any CPU
		{754E9D9B-13AA-4745-A8B8-58C13708F074}.Release|Any CPU.ActiveCfg = Release|Any CPU
		{754E9D9B-13AA-4745-A8B8-58C13708F074}.Release|Any CPU.Build.0 = Release|Any CPU
	EndGlobalSection
	GlobalSection(SolutionProperties) = preSolution
		HideSolutionNode = FALSE
	EndGlobalSection
	GlobalSection(ExtensibilityGlobals) = postSolution
		SolutionGuid = {A0A9A818-CA39-4612-AED4-9480FF4F332E}
	EndGlobalSection
EndGlobal
